{
  "name": "portability",
  "version": "1.0.0",
  "lockfileVersion": 3,
  "requires": true,
  "packages": {
    "": {
      "name": "portability",
      "version": "1.0.0",
      "dependencies": {
        "@corp/internal-sdk": "git+ssh://git@github.example.com/corp/internal-sdk.git#v1.2.3"
      },
      "devDependencies": {
        "esbuild": "^0.21.0"
      }
    },
    "node_modules/@corp/internal-sdk": {
      "version": "1.2.3",
      "resolved": "git+ssh://git@github.example.com/corp/internal-sdk.git#8f3f0a4c1d9e2b7a6c5d4e3f2a1b0c9d8e7f6a5b"
    },
    "node_modules/esbuild": {
      "version": "0.21.5",
      "resolved": "https://registry.npmjs.org/esbuild/-/esbuild-0.21.5.tgz",
      "integrity": "sha512-mg3OPMV4hXywwpoDxu3Qda5xCKQi+vCTZq8S9J/EpkhB2HzKXq4SNFZE3+NK93JYxc8VMSep+lOUSC/RVKaBqw==",
      "dev": true
    }
  }
}
